
Microsoft Visual Studio Solution File, Format Version 12.00
# Visual Studio 15
Project("{FAE04EC0-301F-11D3-BF4B-00C04F79EFBC}") = "Examen", "Examen.csproj", "{76F8A1DC-0D39-466B-AB48-BD401985663D}"
EndProject
Global
	GlobalSection(SolutionConfigurationPlatforms) = preSolution
		Debug|anycpu = Debug|anycpu
		Release|anycpu = Release|anycpu
	EndGlobalSection
	GlobalSection(ProjectConfigurationPlatforms) = postSolution
		{76F8A1DC-0D39-466B-AB48-BD401985663D}.Debug|anycpu.ActiveCfg = Debug|anycpu
		{76F8A1DC-0D39-466B-AB48-BD401985663D}.Debug|anycpu.Build.0 = Debug|anycpu
		{76F8A1DC-0D39-466B-AB48-BD401985663D}.Release|anycpu.ActiveCfg = Release|anycpu
		{76F8A1DC-0D39-466B-AB48-BD401985663D}.Release|anycpu.Build.0 = Release|anycpu
	EndGlobalSection
EndGlobal
